
Microsoft Visual Studio Solution File, Format Version 12.00
# Visual Studio Version 16
VisualStudioVersion = 16.0.32802.440
MinimumVisualStudioVersion = 10.0.40219.1
Project("{888888A0-9F3D-457C-B088-3A5042F75D52}") = "SimpleWebServer", "SimpleWebServer.pyproj", "{5274978E-498D-4190-AA2C-BDBE96CF389A}"
EndProject
Global
	GlobalSection(SolutionConfigurationPlatforms) = preSolution
		Debug|Any CPU = Debug|Any CPU
		Release|Any CPU = Release|Any CPU
	EndGlobalSection
	GlobalSection(ProjectConfigurationPlatforms) = postSolution
		{5274978E-498D-4190-AA2C-BDBE96CF389A}.Debug|Any CPU.ActiveCfg = Debug|Any CPU
		{5274978E-498D-4190-AA2C-BDBE96CF389A}.Release|Any CPU.ActiveCfg = Release|Any CPU
	EndGlobalSection
	GlobalSection(SolutionProperties) = preSolution
		HideSolutionNode = FALSE
	EndGlobalSection
	GlobalSection(ExtensibilityGlobals) = postSolution
		SolutionGuid = {0E84C5C7-006D-4743-AAB3-915CD10B233A}
	EndGlobalSection
EndGlobal
